
Microsoft Visual Studio Solution File, Format Version 12.00
# Visual Studio 15
VisualStudioVersion = 15.0.28010.2036
MinimumVisualStudioVersion = 10.0.40219.1
Project("{2150E333-8FDC-42A3-9474-1A3956D46DE8}") = "Building Blocks", "Building Blocks", "{21799A94-F2A1-4A9A-AAFA-8454229C12B6}"
EndProject
Project("{2150E333-8FDC-42A3-9474-1A3956D46DE8}") = "DesktopApp", "DesktopApp", "{B45D2273-2B5F-4C23-95C2-86C413D0A911}"
EndProject
Project("{2150E333-8FDC-42A3-9474-1A3956D46DE8}") = "Services", "Services", "{7FEA5C26-D3FA-43EE-A9DB-4E93714DC06B}"
EndProject
Project("{2150E333-8FDC-42A3-9474-1A3956D46DE8}") = "Windows", "Windows", "{7FA4AF37-1226-450A-9A89-E54B104ED06D}"
EndProject
Project("{9A19103F-16F7-4668-BE54-9A1E7A4F7556}") = "HomeMultistationTV.WindowsDesktop.Domain", "src\DesktopApp\Windows\HomeMultistationTV.WindowsDesktop.Domain\HomeMultistationTV.WindowsDesktop.Domain.csproj", "{85F5BC0A-D527-43AD-94FB-6E9109E248A7}"
EndProject
Project("{9A19103F-16F7-4668-BE54-9A1E7A4F7556}") = "HomeMultistationTV.WindowsDesktop.Infrastruct", "src\DesktopApp\Windows\HomeMultistationTV.WindowsDesktop.Infrastruct\HomeMultistationTV.WindowsDesktop.Infrastruct.csproj", "{598CDB6F-350F-4391-8AC5-2A13230497C1}"
EndProject
Project("{FAE04EC0-301F-11D3-BF4B-00C04F79EFBC}") = "HomeMultistation.TV.WindowDesktop.App", "src\DesktopApp\Windows\HomeMultistation.TV.WindowDesktop.App\HomeMultistation.TV.WindowDesktop.App.csproj", "{3297FAFD-CC7E-4032-88DC-34301CA23200}"
EndProject
Project("{2150E333-8FDC-42A3-9474-1A3956D46DE8}") = "Weather", "Weather", "{21478D97-7FBB-40C7-90F8-65BFD477AB73}"
EndProject
Project("{2150E333-8FDC-42A3-9474-1A3956D46DE8}") = "test", "test", "{28D25D57-3288-4571-B9B2-0FCB314A2149}"
EndProject
Project("{9A19103F-16F7-4668-BE54-9A1E7A4F7556}") = "Weather.Domain", "src\Services\Weather\Weather.Domain\Weather.Domain.csproj", "{3E95727B-6C34-47A4-9A2B-309B1F90A6DF}"
EndProject
Project("{9A19103F-16F7-4668-BE54-9A1E7A4F7556}") = "Weather.Infrastructure", "src\Services\Weather\Weather.Infrastructure\Weather.Infrastructure.csproj", "{B311C2ED-756B-4C4D-840A-9DF80013DEA0}"
EndProject
Project("{2150E333-8FDC-42A3-9474-1A3956D46DE8}") = "GatewayAPI", "GatewayAPI", "{F48553A4-3542-4FF8-B1DD-0C564D995C4F}"
EndProject
Project("{9A19103F-16F7-4668-BE54-9A1E7A4F7556}") = "DesktopGatewayApi", "src\Building Blocks\GatewayApi\DesktopGatewayApi\DesktopGatewayApi\DesktopGatewayApi.csproj", "{BED6994A-7316-48F2-A3CD-2E4369F30FCD}"
EndProject
Project("{9A19103F-16F7-4668-BE54-9A1E7A4F7556}") = "WeatherSerivceTest", "WeatherSerivceTest\WeatherSerivceTest.csproj", "{BF604CCC-4790-4099-A8D6-5CA9BE1FFF65}"
EndProject
Project("{9A19103F-16F7-4668-BE54-9A1E7A4F7556}") = "WeatherForecast.API", "src\Services\Weather\WeatherForecast.API\WeatherForecast.API.csproj", "{B49DDE7A-1C03-4C72-8880-B7E928CA6C25}"
EndProject
Project("{FAE04EC0-301F-11D3-BF4B-00C04F79EFBC}") = "DesktopGatewayApi.Domain", "src\Building Blocks\GatewayApi\DesktopGatewayApi\DesktopGatewayApi.Comain\DesktopGatewayApi.Domain.csproj", "{78AE8CD4-B081-49C7-8511-06AF113F702F}"
EndProject
Project("{FAE04EC0-301F-11D3-BF4B-00C04F79EFBC}") = "GatewayApi.Domain", "src\Building Blocks\GatewayApi\GatewayApi.Domain\GatewayApi.Domain.csproj", "{06BB4FF7-A03B-4B89-8318-C2937C5D9CB9}"
EndProject
Project("{9A19103F-16F7-4668-BE54-9A1E7A4F7556}") = "GatewayApi.Infrastructure", "src\Building Blocks\GatewayApi\GatewayApi.Infrastructure\GatewayApi.Infrastructure.csproj", "{9B914F25-A9C3-4B1F-B810-EFA9B95EA857}"
EndProject
Project("{2150E333-8FDC-42A3-9474-1A3956D46DE8}") = "Common", "Common", "{38A18503-B478-4DA6-9B8A-7CDA06EAA004}"
EndProject
Project("{FAE04EC0-301F-11D3-BF4B-00C04F79EFBC}") = "Common.Services", "src\Common\Common.Services\Common.Services.csproj", "{3DB61406-F1F1-44DA-8B60-1A27FD151234}"
EndProject
Project("{FAE04EC0-301F-11D3-BF4B-00C04F79EFBC}") = "Common.Domain", "src\Common\Common.Domain\Common.Domain.csproj", "{1C20447C-B2A5-472E-993A-32234C423E3D}"
EndProject
Global
	GlobalSection(SolutionConfigurationPlatforms) = preSolution
		Debug|Any CPU = Debug|Any CPU
		Release|Any CPU = Release|Any CPU
	EndGlobalSection
	GlobalSection(ProjectConfigurationPlatforms) = postSolution
		{85F5BC0A-D527-43AD-94FB-6E9109E248A7}.Debug|Any CPU.ActiveCfg = Debug|Any CPU
		{85F5BC0A-D527-43AD-94FB-6E9109E248A7}.Debug|Any CPU.Build.0 = Debug|Any CPU
		{85F5BC0A-D527-43AD-94FB-6E9109E248A7}.Release|Any CPU.ActiveCfg = Release|Any CPU
		{85F5BC0A-D527-43AD-94FB-6E9109E248A7}.Release|Any CPU.Build.0 = Release|Any CPU
		{598CDB6F-350F-4391-8AC5-2A13230497C1}.Debug|Any CPU.ActiveCfg = Debug|Any CPU
		{598CDB6F-350F-4391-8AC5-2A13230497C1}.Debug|Any CPU.Build.0 = Debug|Any CPU
		{598CDB6F-350F-4391-8AC5-2A13230497C1}.Release|Any CPU.ActiveCfg = Release|Any CPU
		{598CDB6F-350F-4391-8AC5-2A13230497C1}.Release|Any CPU.Build.0 = Release|Any CPU
		{3297FAFD-CC7E-4032-88DC-34301CA23200}.Debug|Any CPU.ActiveCfg = Debug|Any CPU
		{3297FAFD-CC7E-4032-88DC-34301CA23200}.Debug|Any CPU.Build.0 = Debug|Any CPU
		{3297FAFD-CC7E-4032-88DC-34301CA23200}.Release|Any CPU.ActiveCfg = Release|Any CPU
		{3297FAFD-CC7E-4032-88DC-34301CA23200}.Release|Any CPU.Build.0 = Release|Any CPU
		{3E95727B-6C34-47A4-9A2B-309B1F90A6DF}.Debug|Any CPU.ActiveCfg = Debug|Any CPU
		{3E95727B-6C34-47A4-9A2B-309B1F90A6DF}.Debug|Any CPU.Build.0 = Debug|Any CPU
		{3E95727B-6C34-47A4-9A2B-309B1F90A6DF}.Release|Any CPU.ActiveCfg = Release|Any CPU
		{3E95727B-6C34-47A4-9A2B-309B1F90A6DF}.Release|Any CPU.Build.0 = Release|Any CPU
		{B311C2ED-756B-4C4D-840A-9DF80013DEA0}.Debug|Any CPU.ActiveCfg = Debug|Any CPU
		{B311C2ED-756B-4C4D-840A-9DF80013DEA0}.Debug|Any CPU.Build.0 = Debug|Any CPU
		{B311C2ED-756B-4C4D-840A-9DF80013DEA0}.Release|Any CPU.ActiveCfg = Release|Any CPU
		{B311C2ED-756B-4C4D-840A-9DF80013DEA0}.Release|Any CPU.Build.0 = Release|Any CPU
		{BED6994A-7316-48F2-A3CD-2E4369F30FCD}.Debug|Any CPU.ActiveCfg = Debug|Any CPU
		{BED6994A-7316-48F2-A3CD-2E4369F30FCD}.Debug|Any CPU.Build.0 = Debug|Any CPU
		{BED6994A-7316-48F2-A3CD-2E4369F30FCD}.Release|Any CPU.ActiveCfg = Release|Any CPU
		{BED6994A-7316-48F2-A3CD-2E4369F30FCD}.Release|Any CPU.Build.0 = Release|Any CPU
		{BF604CCC-4790-4099-A8D6-5CA9BE1FFF65}.Debug|Any CPU.ActiveCfg = Debug|Any CPU
		{BF604CCC-4790-4099-A8D6-5CA9BE1FFF65}.Debug|Any CPU.Build.0 = Debug|Any CPU
		{BF604CCC-4790-4099-A8D6-5CA9BE1FFF65}.Release|Any CPU.ActiveCfg = Release|Any CPU
		{BF604CCC-4790-4099-A8D6-5CA9BE1FFF65}.Release|Any CPU.Build.0 = Release|Any CPU
		{B49DDE7A-1C03-4C72-8880-B7E928CA6C25}.Debug|Any CPU.ActiveCfg = Debug|Any CPU
		{B49DDE7A-1C03-4C72-8880-B7E928CA6C25}.Debug|Any CPU.Build.0 = Debug|Any CPU
		{B49DDE7A-1C03-4C72-8880-B7E928CA6C25}.Release|Any CPU.ActiveCfg = Release|Any CPU
		{B49DDE7A-1C03-4C72-8880-B7E928CA6C25}.Release|Any CPU.Build.0 = Release|Any CPU
		{78AE8CD4-B081-49C7-8511-06AF113F702F}.Debug|Any CPU.ActiveCfg = Debug|Any CPU
		{78AE8CD4-B081-49C7-8511-06AF113F702F}.Debug|Any CPU.Build.0 = Debug|Any CPU
		{78AE8CD4-B081-49C7-8511-06AF113F702F}.Release|Any CPU.ActiveCfg = Release|Any CPU
		{78AE8CD4-B081-49C7-8511-06AF113F702F}.Release|Any CPU.Build.0 = Release|Any CPU
		{06BB4FF7-A03B-4B89-8318-C2937C5D9CB9}.Debug|Any CPU.ActiveCfg = Debug|Any CPU
		{06BB4FF7-A03B-4B89-8318-C2937C5D9CB9}.Debug|Any CPU.Build.0 = Debug|Any CPU
		{06BB4FF7-A03B-4B89-8318-C2937C5D9CB9}.Release|Any CPU.ActiveCfg = Release|Any CPU
		{06BB4FF7-A03B-4B89-8318-C2937C5D9CB9}.Release|Any CPU.Build.0 = Release|Any CPU
		{9B914F25-A9C3-4B1F-B810-EFA9B95EA857}.Debug|Any CPU.ActiveCfg = Debug|Any CPU
		{9B914F25-A9C3-4B1F-B810-EFA9B95EA857}.Debug|Any CPU.Build.0 = Debug|Any CPU
		{9B914F25-A9C3-4B1F-B810-EFA9B95EA857}.Release|Any CPU.ActiveCfg = Release|Any CPU
		{9B914F25-A9C3-4B1F-B810-EFA9B95EA857}.Release|Any CPU.Build.0 = Release|Any CPU
		{3DB61406-F1F1-44DA-8B60-1A27FD151234}.Debug|Any CPU.ActiveCfg = Debug|Any CPU
		{3DB61406-F1F1-44DA-8B60-1A27FD151234}.Debug|Any CPU.Build.0 = Debug|Any CPU
		{3DB61406-F1F1-44DA-8B60-1A27FD151234}.Release|Any CPU.ActiveCfg = Release|Any CPU
		{3DB61406-F1F1-44DA-8B60-1A27FD151234}.Release|Any CPU.Build.0 = Release|Any CPU
		{1C20447C-B2A5-472E-993A-32234C423E3D}.Debug|Any CPU.ActiveCfg = Debug|Any CPU
		{1C20447C-B2A5-472E-993A-32234C423E3D}.Debug|Any CPU.Build.0 = Debug|Any CPU
		{1C20447C-B2A5-472E-993A-32234C423E3D}.Release|Any CPU.ActiveCfg = Release|Any CPU
		{1C20447C-B2A5-472E-993A-32234C423E3D}.Release|Any CPU.Build.0 = Release|Any CPU
	EndGlobalSection
	GlobalSection(SolutionProperties) = preSolution
		HideSolutionNode = FALSE
	EndGlobalSection
	GlobalSection(NestedProjects) = preSolution
		{7FA4AF37-1226-450A-9A89-E54B104ED06D} = {B45D2273-2B5F-4C23-95C2-86C413D0A911}
		{85F5BC0A-D527-43AD-94FB-6E9109E248A7} = {7FA4AF37-1226-450A-9A89-E54B104ED06D}
		{598CDB6F-350F-4391-8AC5-2A13230497C1} = {7FA4AF37-1226-450A-9A89-E54B104ED06D}
		{3297FAFD-CC7E-4032-88DC-34301CA23200} = {7FA4AF37-1226-450A-9A89-E54B104ED06D}
		{21478D97-7FBB-40C7-90F8-65BFD477AB73} = {7FEA5C26-D3FA-43EE-A9DB-4E93714DC06B}
		{28D25D57-3288-4571-B9B2-0FCB314A2149} = {21478D97-7FBB-40C7-90F8-65BFD477AB73}
		{3E95727B-6C34-47A4-9A2B-309B1F90A6DF} = {21478D97-7FBB-40C7-90F8-65BFD477AB73}
		{B311C2ED-756B-4C4D-840A-9DF80013DEA0} = {21478D97-7FBB-40C7-90F8-65BFD477AB73}
		{F48553A4-3542-4FF8-B1DD-0C564D995C4F} = {21799A94-F2A1-4A9A-AAFA-8454229C12B6}
		{BED6994A-7316-48F2-A3CD-2E4369F30FCD} = {F48553A4-3542-4FF8-B1DD-0C564D995C4F}
		{BF604CCC-4790-4099-A8D6-5CA9BE1FFF65} = {28D25D57-3288-4571-B9B2-0FCB314A2149}
		{B49DDE7A-1C03-4C72-8880-B7E928CA6C25} = {21478D97-7FBB-40C7-90F8-65BFD477AB73}
		{78AE8CD4-B081-49C7-8511-06AF113F702F} = {F48553A4-3542-4FF8-B1DD-0C564D995C4F}
		{06BB4FF7-A03B-4B89-8318-C2937C5D9CB9} = {21799A94-F2A1-4A9A-AAFA-8454229C12B6}
		{9B914F25-A9C3-4B1F-B810-EFA9B95EA857} = {F48553A4-3542-4FF8-B1DD-0C564D995C4F}
		{3DB61406-F1F1-44DA-8B60-1A27FD151234} = {38A18503-B478-4DA6-9B8A-7CDA06EAA004}
		{1C20447C-B2A5-472E-993A-32234C423E3D} = {38A18503-B478-4DA6-9B8A-7CDA06EAA004}
	EndGlobalSection
	GlobalSection(ExtensibilityGlobals) = postSolution
		SolutionGuid = {21C8C599-054B-4837-B441-7E92C7DE5983}
	EndGlobalSection
EndGlobal
